
Microsoft Visual Studio Solution File, Format Version 12.00
Project("{FAE04EC0-301F-11D3-BF4B-00C04F79EFBC}") = "MyTodo.Api", "MyTodo.Api\MyTodo.Api.csproj", "{239F6FE8-05B1-4E16-AE72-96272988BCA2}"
EndProject
Project("{FAE04EC0-301F-11D3-BF4B-00C04F79EFBC}") = "MyTodo.Core", "MyTodo.Core\MyTodo.Core.csproj", "{2807DA35-8CC6-4D4E-9DEC-E2F88A8EA199}"
EndProject
Project("{FAE04EC0-301F-11D3-BF4B-00C04F79EFBC}") = "MyTodo.Infrastructure", "MyTodo.Infrastructure\MyTodo.Infrastructure.csproj", "{10A1EDC3-01ED-4EAB-9AFB-DA1130AB9CF9}"
EndProject
Global
	GlobalSection(SolutionConfigurationPlatforms) = preSolution
		Debug|Any CPU = Debug|Any CPU
		Release|Any CPU = Release|Any CPU
	EndGlobalSection
	GlobalSection(ProjectConfigurationPlatforms) = postSolution
		{239F6FE8-05B1-4E16-AE72-96272988BCA2}.Debug|Any CPU.ActiveCfg = Debug|Any CPU
		{239F6FE8-05B1-4E16-AE72-96272988BCA2}.Debug|Any CPU.Build.0 = Debug|Any CPU
		{239F6FE8-05B1-4E16-AE72-96272988BCA2}.Release|Any CPU.ActiveCfg = Release|Any CPU
		{239F6FE8-05B1-4E16-AE72-96272988BCA2}.Release|Any CPU.Build.0 = Release|Any CPU
		{2807DA35-8CC6-4D4E-9DEC-E2F88A8EA199}.Debug|Any CPU.ActiveCfg = Debug|Any CPU
		{2807DA35-8CC6-4D4E-9DEC-E2F88A8EA199}.Debug|Any CPU.Build.0 = Debug|Any CPU
		{2807DA35-8CC6-4D4E-9DEC-E2F88A8EA199}.Release|Any CPU.ActiveCfg = Release|Any CPU
		{2807DA35-8CC6-4D4E-9DEC-E2F88A8EA199}.Release|Any CPU.Build.0 = Release|Any CPU
		{10A1EDC3-01ED-4EAB-9AFB-DA1130AB9CF9}.Debug|Any CPU.ActiveCfg = Debug|Any CPU
		{10A1EDC3-01ED-4EAB-9AFB-DA1130AB9CF9}.Debug|Any CPU.Build.0 = Debug|Any CPU
		{10A1EDC3-01ED-4EAB-9AFB-DA1130AB9CF9}.Release|Any CPU.ActiveCfg = Release|Any CPU
		{10A1EDC3-01ED-4EAB-9AFB-DA1130AB9CF9}.Release|Any CPU.Build.0 = Release|Any CPU
	EndGlobalSection
EndGlobal
